PODS:
  - Alamofire (4.8.2)
  - HandyJSON (5.0.0-beta.1)
  - Kingfisher (5.3.1)
  - libwebp (1.0.2):
    - libwebp/core (= 1.0.2)
    - libwebp/dec (= 1.0.2)
    - libwebp/demux (= 1.0.2)
    - libwebp/dsp (= 1.0.2)
    - libwebp/enc (= 1.0.2)
    - libwebp/mux (= 1.0.2)
    - libwebp/utils (= 1.0.2)
    - libwebp/webp (= 1.0.2)
  - libwebp/core (1.0.2):
    - libwebp/webp
  - libwebp/dec (1.0.2):
    - libwebp/core
  - libwebp/demux (1.0.2):
    - libwebp/core
  - libwebp/dsp (1.0.2):
    - libwebp/core
  - libwebp/enc (1.0.2):
    - libwebp/core
  - libwebp/mux (1.0.2):
    - libwebp/core
  - libwebp/utils (1.0.2):
    - libwebp/core
  - libwebp/webp (1.0.2)
  - PLMediaStreamingKit (2.3.3):
    - PLMediaStreamingKit/iphoneos (= 2.3.3)
  - PLMediaStreamingKit/iphoneos (2.3.3)
  - PLPlayerKit (3.4.1):
    - PLPlayerKit/iphoneos (= 3.4.1)
  - PLPlayerKit/iphoneos (3.4.1)
  - SnapKit (5.0.0)

DEPENDENCIES:
  - Alamofire
  - HandyJSON (= 5.0.0-beta.1)
  - Kingfisher (= 5.3.1)
  - libwebp
  - PLMediaStreamingKit
  - PLPlayerKit
  - SnapKit

SPEC REPOS:
  https://github.com/cocoapods/specs.git:
    - Alamofire
    - HandyJSON
    - Kingfisher
    - libwebp
    - PLMediaStreamingKit
    - PLPlayerKit
    - SnapKit

SPEC CHECKSUMS:
  Alamofire: ae5c501addb7afdbb13687d7f2f722c78734c2d3
  HandyJSON: 582477127ab3ab65bd2e471815f1a7b846856978
  Kingfisher: d9e7e0b209b59b8f9873aa2f37654e81a7beea51
  libwebp: b068a3bd7c45f7460f6715be7bed1a18fd5d6b48
  PLMediaStreamingKit: 762e312dd088b1b487c5b7f3a59b56231d1cbb71
  PLPlayerKit: ebec9d70b66a95d1770b2dc5107fe2a469454a28
  SnapKit: fd22d10eb9aff484d79a8724eab922c1ddf89bcf

PODFILE CHECKSUM: c35aaa38a52cc78696a0c0d22ae5b5c591f495cf

COCOAPODS: 1.6.0.beta.2
