// !$*UTF8*$!
{
	archiveVersion = 1;
	classes = {
	};
	objectVersion = 50;
	objects = {

/* Begin PBXBuildFile section */
		4A99E930CF4D9F68D3E972B6 /* Pods_DouyinOfSun.framework in Frameworks */ = {isa = PBXBuildFile; fileRef = FDE0FCF7674974CED5E40862 /* Pods_DouyinOfSun.framework */; };
		CC05A3CF2233738200B2D43E /* LoadMoreControl.swift in Sources */ = {isa = PBXBuildFile; fileRef = CC05A3CE2233738200B2D43E /* LoadMoreControl.swift */; };
		CC05A3D12235FDBB00B2D43E /* UIWindow-Extension.swift in Sources */ = {isa = PBXBuildFile; fileRef = CC05A3D02235FDBB00B2D43E /* UIWindow-Extension.swift */; };
		CC05A3D32236389000B2D43E /* MyIconDetailViewController.swift in Sources */ = {isa = PBXBuildFile; fileRef = CC05A3D22236388F00B2D43E /* MyIconDetailViewController.swift */; };
		CC05A3F7223761C500B2D43E /* HotTableViewCell.swift in Sources */ = {isa = PBXBuildFile; fileRef = CC05A3F6223761C500B2D43E /* HotTableViewCell.swift */; };
		CC05A3FA22376E6F00B2D43E /* PLPlayerView.swift in Sources */ = {isa = PBXBuildFile; fileRef = CC05A3F922376E6F00B2D43E /* PLPlayerView.swift */; };
		CC05A4022237A9D700B2D43E /* CommentTextView.swift in Sources */ = {isa = PBXBuildFile; fileRef = CC05A4012237A9D600B2D43E /* CommentTextView.swift */; };
		CC05A45E2239003500B2D43E /* PlayerStatusBarView.swift in Sources */ = {isa = PBXBuildFile; fileRef = CC05A45D2239003500B2D43E /* PlayerStatusBarView.swift */; };
		CC05A4602239031C00B2D43E /* CircleTextView.swift in Sources */ = {isa = PBXBuildFile; fileRef = CC05A45F2239031C00B2D43E /* CircleTextView.swift */; };
		CC05A4622239048100B2D43E /* MusicAlbumView.swift in Sources */ = {isa = PBXBuildFile; fileRef = CC05A4612239048100B2D43E /* MusicAlbumView.swift */; };
		CC05A4642239096700B2D43E /* FavoriteView.swift in Sources */ = {isa = PBXBuildFile; fileRef = CC05A4632239096700B2D43E /* FavoriteView.swift */; };
		CC05A46E223A5BA200B2D43E /* UIImage-Extension.swift in Sources */ = {isa = PBXBuildFile; fileRef = CC05A46D223A5BA200B2D43E /* UIImage-Extension.swift */; };
		CC05A48E223B98BA00B2D43E /* FocusView.swift in Sources */ = {isa = PBXBuildFile; fileRef = CC05A48D223B98B900B2D43E /* FocusView.swift */; };
		CC05A490223C8A1600B2D43E /* HotCellCacheManager.swift in Sources */ = {isa = PBXBuildFile; fileRef = CC05A48F223C8A1600B2D43E /* HotCellCacheManager.swift */; };
		CC05A497223F49ED00B2D43E /* CALayer-Extension.swift in Sources */ = {isa = PBXBuildFile; fileRef = CC05A496223F49EC00B2D43E /* CALayer-Extension.swift */; };
		CC080FEF22486D46006D56D2 /* MyAwemeViewController.swift in Sources */ = {isa = PBXBuildFile; fileRef = CC080FEE22486D46006D56D2 /* MyAwemeViewController.swift */; };
		CC080FF9224A0765006D56D2 /* NSAttributedString-Extension.swift in Sources */ = {isa = PBXBuildFile; fileRef = CC080FF8224A0765006D56D2 /* NSAttributedString-Extension.swift */; };
		CC080FFB224A10BB006D56D2 /* Notification-Extension.swift in Sources */ = {isa = PBXBuildFile; fileRef = CC080FFA224A10BB006D56D2 /* Notification-Extension.swift */; };
		CC081065224E1B81006D56D2 /* FollowTableViewCell.swift in Sources */ = {isa = PBXBuildFile; fileRef = CC081064224E1B81006D56D2 /* FollowTableViewCell.swift */; };
		CC08106D2252070D006D56D2 /* PLFollowPlayerView.swift in Sources */ = {isa = PBXBuildFile; fileRef = CC08106C2252070D006D56D2 /* PLFollowPlayerView.swift */; };
		CC0810C622645B01006D56D2 /* favorite8.json in Resources */ = {isa = PBXBuildFile; fileRef = CC0810C522645AFF006D56D2 /* favorite8.json */; };
		CC0C6BBF22705B7700D7A055 /* RecommendNavigationBarView.swift in Sources */ = {isa = PBXBuildFile; fileRef = CC0C6BBE22705B7700D7A055 /* RecommendNavigationBarView.swift */; };
		CC0C6BC1227149B800D7A055 /* ScanCodeViewController.swift in Sources */ = {isa = PBXBuildFile; fileRef = CC0C6BC0227149B800D7A055 /* ScanCodeViewController.swift */; };
		CC0C6BC3227159AB00D7A055 /* RoomShowViewController.swift in Sources */ = {isa = PBXBuildFile; fileRef = CC0C6BC2227159AB00D7A055 /* RoomShowViewController.swift */; };
		CC10E2C421D77B8F00090806 /* AppDelegate.swift in Sources */ = {isa = PBXBuildFile; fileRef = CC10E2C321D77B8F00090806 /* AppDelegate.swift */; };
		CC10E2C921D77B8F00090806 /* Main.storyboard in Resources */ = {isa = PBXBuildFile; fileRef = CC10E2C721D77B8F00090806 /* Main.storyboard */; };
		CC10E2CB21D77B9100090806 /* Assets.xcassets in Resources */ = {isa = PBXBuildFile; fileRef = CC10E2CA21D77B9100090806 /* Assets.xcassets */; };
		CC10E2CE21D77B9100090806 /* LaunchScreen.storyboard in Resources */ = {isa = PBXBuildFile; fileRef = CC10E2CC21D77B9100090806 /* LaunchScreen.storyboard */; };
		CC252FF72241DE9A001191AA /* MPVolumeViewManager.swift in Sources */ = {isa = PBXBuildFile; fileRef = CC252FF62241DE9A001191AA /* MPVolumeViewManager.swift */; };
		CC252FF92242210E001191AA /* SharePopView.swift in Sources */ = {isa = PBXBuildFile; fileRef = CC252FF82242210E001191AA /* SharePopView.swift */; };
		CC252FFD2244E517001191AA /* favorite7.json in Resources */ = {isa = PBXBuildFile; fileRef = CC252FFC2244E517001191AA /* favorite7.json */; };
		CC32E7D6222E60580040ABED /* BaseModel.swift in Sources */ = {isa = PBXBuildFile; fileRef = CC32E7D5222E60580040ABED /* BaseModel.swift */; };
		CC32E7D8222E60970040ABED /* UserInfoModel.swift in Sources */ = {isa = PBXBuildFile; fileRef = CC32E7D7222E60970040ABED /* UserInfoModel.swift */; };
		CC32E7DA222E71B30040ABED /* AwemeModel.swift in Sources */ = {isa = PBXBuildFile; fileRef = CC32E7D9222E71B30040ABED /* AwemeModel.swift */; };
		CC7DE0BD2275574100049C06 /* favorite9.json in Resources */ = {isa = PBXBuildFile; fileRef = CC7DE0BC2275574000049C06 /* favorite9.json */; };
		CC83E8392223EFE800046ED7 /* FollowNavigationBarView.swift in Sources */ = {isa = PBXBuildFile; fileRef = CC83E8382223EFE800046ED7 /* FollowNavigationBarView.swift */; };
		CC83E86222261E2400046ED7 /* BaseViewController.swift in Sources */ = {isa = PBXBuildFile; fileRef = CC83E86122261E2400046ED7 /* BaseViewController.swift */; };
		CC83E8802226813D00046ED7 /* favorite3.json in Resources */ = {isa = PBXBuildFile; fileRef = CC83E87A2226813D00046ED7 /* favorite3.json */; };
		CC83E8812226813D00046ED7 /* favorite2.json in Resources */ = {isa = PBXBuildFile; fileRef = CC83E87B2226813D00046ED7 /* favorite2.json */; };
		CC83E8822226813D00046ED7 /* favorite5.json in Resources */ = {isa = PBXBuildFile; fileRef = CC83E87C2226813D00046ED7 /* favorite5.json */; };
		CC83E8832226813D00046ED7 /* favorite4.json in Resources */ = {isa = PBXBuildFile; fileRef = CC83E87D2226813D00046ED7 /* favorite4.json */; };
		CC83E8842226813D00046ED7 /* favorite6.json in Resources */ = {isa = PBXBuildFile; fileRef = CC83E87E2226813D00046ED7 /* favorite6.json */; };
		CC83E8852226813D00046ED7 /* favorite1.json in Resources */ = {isa = PBXBuildFile; fileRef = CC83E87F2226813D00046ED7 /* favorite1.json */; };
		CC83E8872226835C00046ED7 /* production1.json in Resources */ = {isa = PBXBuildFile; fileRef = CC83E8862226835C00046ED7 /* production1.json */; };
		CC83E8892226837100046ED7 /* user.json in Resources */ = {isa = PBXBuildFile; fileRef = CC83E8882226837100046ED7 /* user.json */; };
		CC95BD2B222FA25800FF9043 /* WebDownloader.swift in Sources */ = {isa = PBXBuildFile; fileRef = CC95BD2A222FA25800FF9043 /* WebDownloader.swift */; };
		CC95BD2D222FBBE100FF9043 /* WebCacheManager.swift in Sources */ = {isa = PBXBuildFile; fileRef = CC95BD2C222FBBE100FF9043 /* WebCacheManager.swift */; };
		CCA28C39226819CF00183AB4 /* PlayerFullScreenViewController.swift in Sources */ = {isa = PBXBuildFile; fileRef = CCA28C38226819CF00183AB4 /* PlayerFullScreenViewController.swift */; };
		CCA28C722269D2CA00183AB4 /* FollowScaleDismissTransition.swift in Sources */ = {isa = PBXBuildFile; fileRef = CCA28C6D2269D2CA00183AB4 /* FollowScaleDismissTransition.swift */; };
		CCA28C732269D2CA00183AB4 /* FollowScalePresentTransition.swift in Sources */ = {isa = PBXBuildFile; fileRef = CCA28C6E2269D2CA00183AB4 /* FollowScalePresentTransition.swift */; };
		CCA28C742269D2CA00183AB4 /* LeftSwipeInteractiveTransition.swift in Sources */ = {isa = PBXBuildFile; fileRef = CCA28C6F2269D2CA00183AB4 /* LeftSwipeInteractiveTransition.swift */; };
		CCA28C752269D2CA00183AB4 /* MyScalePresentAnimation.swift in Sources */ = {isa = PBXBuildFile; fileRef = CCA28C702269D2CA00183AB4 /* MyScalePresentAnimation.swift */; };
		CCA28C762269D2CA00183AB4 /* MyScaleDismissAnimation.swift in Sources */ = {isa = PBXBuildFile; fileRef = CCA28C712269D2CA00183AB4 /* MyScaleDismissAnimation.swift */; };
		CCC01B472230AA0100A2A380 /* WebCombineOperation.swift in Sources */ = {isa = PBXBuildFile; fileRef = CCC01B462230AA0100A2A380 /* WebCombineOperation.swift */; };
		CCC01B492230AA5D00A2A380 /* WebDownloadOperation.swift in Sources */ = {isa = PBXBuildFile; fileRef = CCC01B482230AA5D00A2A380 /* WebDownloadOperation.swift */; };
		CCC01B512230BCBF00A2A380 /* UIImageView-Extension.swift in Sources */ = {isa = PBXBuildFile; fileRef = CCC01B502230BCBF00A2A380 /* UIImageView-Extension.swift */; };
		CCC01B532230C93600A2A380 /* String-Extension.swift in Sources */ = {isa = PBXBuildFile; fileRef = CCC01B522230C93600A2A380 /* String-Extension.swift */; };
		CCC01B592230F0C500A2A380 /* WebPImageOperation.swift in Sources */ = {isa = PBXBuildFile; fileRef = CCC01B552230F0C400A2A380 /* WebPImageOperation.swift */; };
		CCC01B5A2230F0C500A2A380 /* WebPImage.m in Sources */ = {isa = PBXBuildFile; fileRef = CCC01B562230F0C500A2A380 /* WebPImage.m */; };
		CCC01B5B2230F0C500A2A380 /* WebPQueueManager.swift in Sources */ = {isa = PBXBuildFile; fileRef = CCC01B572230F0C500A2A380 /* WebPQueueManager.swift */; };
		CCC01B5C2230F0C500A2A380 /* WebPImageView.swift in Sources */ = {isa = PBXBuildFile; fileRef = CCC01B582230F0C500A2A380 /* WebPImageView.swift */; };
		CCC100F021DDA0CF00FC5F79 /* Common.swift in Sources */ = {isa = PBXBuildFile; fileRef = CCC100EF21DDA0CF00FC5F79 /* Common.swift */; };
		CCC100F221DDA15700FC5F79 /* UIColor-Extension.swift in Sources */ = {isa = PBXBuildFile; fileRef = CCC100F121DDA15700FC5F79 /* UIColor-Extension.swift */; };
		CCC1013821DDB79C00FC5F79 /* RecommendViewController.swift in Sources */ = {isa = PBXBuildFile; fileRef = CCC1013721DDB79C00FC5F79 /* RecommendViewController.swift */; };
		CCC1013A21DDB89500FC5F79 /* HomeTabBarViewController.swift in Sources */ = {isa = PBXBuildFile; fileRef = CCC1013921DDB89500FC5F79 /* HomeTabBarViewController.swift */; };
		CCC27F01221AC48500054AB6 /* UIBarButtonItem-Extension.swift in Sources */ = {isa = PBXBuildFile; fileRef = CCC27F00221AC48500054AB6 /* UIBarButtonItem-Extension.swift */; };
		CCC27F29221BD78000054AB6 /* HomeNaviTitleView.swift in Sources */ = {isa = PBXBuildFile; fileRef = CCC27F28221BD78000054AB6 /* HomeNaviTitleView.swift */; };
		CCC27F3A221D9A8F00054AB6 /* MyViewController.swift in Sources */ = {isa = PBXBuildFile; fileRef = CCC27F39221D9A8F00054AB6 /* MyViewController.swift */; };
		CCC27F42221FDA0800054AB6 /* HotNavigationBarView.swift in Sources */ = {isa = PBXBuildFile; fileRef = CCC27F41221FDA0800054AB6 /* HotNavigationBarView.swift */; };
		CCC27F46221FF0F600054AB6 /* HomeScrollView.swift in Sources */ = {isa = PBXBuildFile; fileRef = CCC27F45221FF0F600054AB6 /* HomeScrollView.swift */; };
		CCC2A2CD21DCA23A00610D3B /* MainViewController.swift in Sources */ = {isa = PBXBuildFile; fileRef = CCC2A2CC21DCA23A00610D3B /* MainViewController.swift */; };
		CCCAA357226D62F100066B42 /* FollowCellCachesManager.swift in Sources */ = {isa = PBXBuildFile; fileRef = CCCAA356226D62F100066B42 /* FollowCellCachesManager.swift */; };
		CCCD3AE421EF01B2009D536A /* UIViewController-InteractiveGesture.swift in Sources */ = {isa = PBXBuildFile; fileRef = CCCD3AE321EF01B2009D536A /* UIViewController-InteractiveGesture.swift */; };
		CCCD3AE621F02C72009D536A /* HotViewController.swift in Sources */ = {isa = PBXBuildFile; fileRef = CCCD3AE521F02C72009D536A /* HotViewController.swift */; };
		CCCD3AE821F02C7E009D536A /* FollowViewController.swift in Sources */ = {isa = PBXBuildFile; fileRef = CCCD3AE721F02C7E009D536A /* FollowViewController.swift */; };
		CCCD3AEA21F033BF009D536A /* HomeTabBar.swift in Sources */ = {isa = PBXBuildFile; fileRef = CCCD3AE921F033BF009D536A /* HomeTabBar.swift */; };
		CCCD3AEC21F06C5C009D536A /* HomeTabBarButton.swift in Sources */ = {isa = PBXBuildFile; fileRef = CCCD3AEB21F06C5C009D536A /* HomeTabBarButton.swift */; };
		CCD25E4A2227767A007143DB /* MyNavigationBarView.swift in Sources */ = {isa = PBXBuildFile; fileRef = CCD25E492227767A007143DB /* MyNavigationBarView.swift */; };
		CCD25E4D2227BAF8007143DB /* MyCollectionViewFlowLayout.swift in Sources */ = {isa = PBXBuildFile; fileRef = CCD25E4C2227BAF8007143DB /* MyCollectionViewFlowLayout.swift */; };
		CCD25E552227CDA0007143DB /* MyCollectionViewCell.swift in Sources */ = {isa = PBXBuildFile; fileRef = CCD25E542227CDA0007143DB /* MyCollectionViewCell.swift */; };
		CCD25E572227CFE8007143DB /* UserInfoHeaderView.swift in Sources */ = {isa = PBXBuildFile; fileRef = CCD25E562227CFE8007143DB /* UserInfoHeaderView.swift */; };
		CCD25E5F22291B09007143DB /* 91551426428_.pic.jpg in Resources */ = {isa = PBXBuildFile; fileRef = CCD25E5E22291B09007143DB /* 91551426428_.pic.jpg */; };
		CCD25E6122293211007143DB /* UserInfoHeaderTabbar.swift in Sources */ = {isa = PBXBuildFile; fileRef = CCD25E6022293211007143DB /* UserInfoHeaderTabbar.swift */; };
		CCD998D7222E4B54001F8611 /* cover_default.png in Resources */ = {isa = PBXBuildFile; fileRef = CCD998D6222E4B54001F8611 /* cover_default.png */; };
/* End PBXBuildFile section */

/* Begin PBXFileReference section */
		74359629AEB9C03AAF3062F1 /* Pods-DouyinOfSun.release.xcconfig */ = {isa = PBXFileReference; includeInIndex = 1; lastKnownFileType = text.xcconfig; name = "Pods-DouyinOfSun.release.xcconfig"; path = "Target Support Files/Pods-DouyinOfSun/Pods-DouyinOfSun.release.xcconfig"; sourceTree = "<group>"; };
		CC05A3CE2233738200B2D43E /* LoadMoreControl.swift */ = {isa = PBXFileReference; lastKnownFileType = sourcecode.swift; path = LoadMoreControl.swift; sourceTree = "<group>"; };
		CC05A3D02235FDBB00B2D43E /* UIWindow-Extension.swift */ = {isa = PBXFileReference; lastKnownFileType = sourcecode.swift; path = "UIWindow-Extension.swift"; sourceTree = "<group>"; };
		CC05A3D22236388F00B2D43E /* MyIconDetailViewController.swift */ = {isa = PBXFileReference; lastKnownFileType = sourcecode.swift; path = MyIconDetailViewController.swift; sourceTree = "<group>"; };
		CC05A3F6223761C500B2D43E /* HotTableViewCell.swift */ = {isa = PBXFileReference; lastKnownFileType = sourcecode.swift; path = HotTableViewCell.swift; sourceTree = "<group>"; };
		CC05A3F922376E6F00B2D43E /* PLPlayerView.swift */ = {isa = PBXFileReference; lastKnownFileType = sourcecode.swift; path = PLPlayerView.swift; sourceTree = "<group>"; };
		CC05A4012237A9D600B2D43E /* CommentTextView.swift */ = {isa = PBXFileReference; lastKnownFileType = sourcecode.swift; path = CommentTextView.swift; sourceTree = "<group>"; };
		CC05A45D2239003500B2D43E /* PlayerStatusBarView.swift */ = {isa = PBXFileReference; lastKnownFileType = sourcecode.swift; path = PlayerStatusBarView.swift; sourceTree = "<group>"; };
		CC05A45F2239031C00B2D43E /* CircleTextView.swift */ = {isa = PBXFileReference; lastKnownFileType = sourcecode.swift; path = CircleTextView.swift; sourceTree = "<group>"; };
		CC05A4612239048100B2D43E /* MusicAlbumView.swift */ = {isa = PBXFileReference; lastKnownFileType = sourcecode.swift; path = MusicAlbumView.swift; sourceTree = "<group>"; };
		CC05A4632239096700B2D43E /* FavoriteView.swift */ = {isa = PBXFileReference; lastKnownFileType = sourcecode.swift; path = FavoriteView.swift; sourceTree = "<group>"; };
		CC05A46D223A5BA200B2D43E /* UIImage-Extension.swift */ = {isa = PBXFileReference; lastKnownFileType = sourcecode.swift; path = "UIImage-Extension.swift"; sourceTree = "<group>"; };
		CC05A48D223B98B900B2D43E /* FocusView.swift */ = {isa = PBXFileReference; lastKnownFileType = sourcecode.swift; path = FocusView.swift; sourceTree = "<group>"; };
		CC05A48F223C8A1600B2D43E /* HotCellCacheManager.swift */ = {isa = PBXFileReference; lastKnownFileType = sourcecode.swift; path = HotCellCacheManager.swift; sourceTree = "<group>"; };
		CC05A496223F49EC00B2D43E /* CALayer-Extension.swift */ = {isa = PBXFileReference; lastKnownFileType = sourcecode.swift; path = "CALayer-Extension.swift"; sourceTree = "<group>"; };
		CC080FEE22486D46006D56D2 /* MyAwemeViewController.swift */ = {isa = PBXFileReference; lastKnownFileType = sourcecode.swift; path = MyAwemeViewController.swift; sourceTree = "<group>"; };
		CC080FF8224A0765006D56D2 /* NSAttributedString-Extension.swift */ = {isa = PBXFileReference; lastKnownFileType = sourcecode.swift; path = "NSAttributedString-Extension.swift"; sourceTree = "<group>"; };
		CC080FFA224A10BB006D56D2 /* Notification-Extension.swift */ = {isa = PBXFileReference; lastKnownFileType = sourcecode.swift; path = "Notification-Extension.swift"; sourceTree = "<group>"; };
		CC081064224E1B81006D56D2 /* FollowTableViewCell.swift */ = {isa = PBXFileReference; lastKnownFileType = sourcecode.swift; path = FollowTableViewCell.swift; sourceTree = "<group>"; };
		CC08106C2252070D006D56D2 /* PLFollowPlayerView.swift */ = {isa = PBXFileReference; lastKnownFileType = sourcecode.swift; path = PLFollowPlayerView.swift; sourceTree = "<group>"; };
		CC0810C522645AFF006D56D2 /* favorite8.json */ = {isa = PBXFileReference; fileEncoding = 4; lastKnownFileType = text.json; path = favorite8.json; sourceTree = "<group>"; };
		CC0C6BBE22705B7700D7A055 /* RecommendNavigationBarView.swift */ = {isa = PBXFileReference; lastKnownFileType = sourcecode.swift; path = RecommendNavigationBarView.swift; sourceTree = "<group>"; };
		CC0C6BC0227149B800D7A055 /* ScanCodeViewController.swift */ = {isa = PBXFileReference; fileEncoding = 4; lastKnownFileType = sourcecode.swift; path = ScanCodeViewController.swift; sourceTree = "<group>"; };
		CC0C6BC2227159AB00D7A055 /* RoomShowViewController.swift */ = {isa = PBXFileReference; fileEncoding = 4; lastKnownFileType = sourcecode.swift; path = RoomShowViewController.swift; sourceTree = "<group>"; };
		CC10E2C021D77B8F00090806 /* DouyinOfSun.app */ = {isa = PBXFileReference; explicitFileType = wrapper.application; includeInIndex = 0; path = DouyinOfSun.app; sourceTree = BUILT_PRODUCTS_DIR; };
		CC10E2C321D77B8F00090806 /* AppDelegate.swift */ = {isa = PBXFileReference; lastKnownFileType = sourcecode.swift; path = AppDelegate.swift; sourceTree = "<group>"; };
		CC10E2C821D77B8F00090806 /* Base */ = {isa = PBXFileReference; lastKnownFileType = file.storyboard; name = Base; path = Base.lproj/Main.storyboard; sourceTree = "<group>"; };
		CC10E2CA21D77B9100090806 /* Assets.xcassets */ = {isa = PBXFileReference; lastKnownFileType = folder.assetcatalog; path = Assets.xcassets; sourceTree = "<group>"; };
		CC10E2CD21D77B9100090806 /* Base */ = {isa = PBXFileReference; lastKnownFileType = file.storyboard; name = Base; path = Base.lproj/LaunchScreen.storyboard; sourceTree = "<group>"; };
		CC10E2CF21D77B9100090806 /* Info.plist */ = {isa = PBXFileReference; lastKnownFileType = text.plist.xml; path = Info.plist; sourceTree = "<group>"; };
		CC252FF62241DE9A001191AA /* MPVolumeViewManager.swift */ = {isa = PBXFileReference; lastKnownFileType = sourcecode.swift; path = MPVolumeViewManager.swift; sourceTree = "<group>"; };
		CC252FF82242210E001191AA /* SharePopView.swift */ = {isa = PBXFileReference; lastKnownFileType = sourcecode.swift; path = SharePopView.swift; sourceTree = "<group>"; };
		CC252FFC2244E517001191AA /* favorite7.json */ = {isa = PBXFileReference; fileEncoding = 4; lastKnownFileType = text.json; path = favorite7.json; sourceTree = "<group>"; };
		CC32E7D5222E60580040ABED /* BaseModel.swift */ = {isa = PBXFileReference; lastKnownFileType = sourcecode.swift; path = BaseModel.swift; sourceTree = "<group>"; };
		CC32E7D7222E60970040ABED /* UserInfoModel.swift */ = {isa = PBXFileReference; lastKnownFileType = sourcecode.swift; path = UserInfoModel.swift; sourceTree = "<group>"; };
		CC32E7D9222E71B30040ABED /* AwemeModel.swift */ = {isa = PBXFileReference; lastKnownFileType = sourcecode.swift; path = AwemeModel.swift; sourceTree = "<group>"; };
		CC7DE0BC2275574000049C06 /* favorite9.json */ = {isa = PBXFileReference; fileEncoding = 4; lastKnownFileType = text.json; path = favorite9.json; sourceTree = "<group>"; };
		CC83E8382223EFE800046ED7 /* FollowNavigationBarView.swift */ = {isa = PBXFileReference; lastKnownFileType = sourcecode.swift; path = FollowNavigationBarView.swift; sourceTree = "<group>"; };
		CC83E86122261E2400046ED7 /* BaseViewController.swift */ = {isa = PBXFileReference; lastKnownFileType = sourcecode.swift; path = BaseViewController.swift; sourceTree = "<group>"; };
		CC83E87A2226813D00046ED7 /* favorite3.json */ = {isa = PBXFileReference; fileEncoding = 4; lastKnownFileType = text.json; path = favorite3.json; sourceTree = "<group>"; };
		CC83E87B2226813D00046ED7 /* favorite2.json */ = {isa = PBXFileReference; fileEncoding = 4; lastKnownFileType = text.json; path = favorite2.json; sourceTree = "<group>"; };
		CC83E87C2226813D00046ED7 /* favorite5.json */ = {isa = PBXFileReference; fileEncoding = 4; lastKnownFileType = text.json; path = favorite5.json; sourceTree = "<group>"; };
		CC83E87D2226813D00046ED7 /* favorite4.json */ = {isa = PBXFileReference; fileEncoding = 4; lastKnownFileType = text.json; path = favorite4.json; sourceTree = "<group>"; };
		CC83E87E2226813D00046ED7 /* favorite6.json */ = {isa = PBXFileReference; fileEncoding = 4; lastKnownFileType = text.json; path = favorite6.json; sourceTree = "<group>"; };
		CC83E87F2226813D00046ED7 /* favorite1.json */ = {isa = PBXFileReference; fileEncoding = 4; lastKnownFileType = text.json; path = favorite1.json; sourceTree = "<group>"; };
		CC83E8862226835C00046ED7 /* production1.json */ = {isa = PBXFileReference; fileEncoding = 4; lastKnownFileType = text.json; path = production1.json; sourceTree = "<group>"; };
		CC83E8882226837100046ED7 /* user.json */ = {isa = PBXFileReference; fileEncoding = 4; lastKnownFileType = text.json; path = user.json; sourceTree = "<group>"; };
		CC95BD1F222F623800FF9043 /* DouyinOfSun-Bridging-Header.h */ = {isa = PBXFileReference; lastKnownFileType = sourcecode.c.h; path = "DouyinOfSun-Bridging-Header.h"; sourceTree = "<group>"; };
		CC95BD2A222FA25800FF9043 /* WebDownloader.swift */ = {isa = PBXFileReference; lastKnownFileType = sourcecode.swift; path = WebDownloader.swift; sourceTree = "<group>"; };
		CC95BD2C222FBBE100FF9043 /* WebCacheManager.swift */ = {isa = PBXFileReference; lastKnownFileType = sourcecode.swift; path = WebCacheManager.swift; sourceTree = "<group>"; };
		CCA28C38226819CF00183AB4 /* PlayerFullScreenViewController.swift */ = {isa = PBXFileReference; lastKnownFileType = sourcecode.swift; path = PlayerFullScreenViewController.swift; sourceTree = "<group>"; };
		CCA28C6D2269D2CA00183AB4 /* FollowScaleDismissTransition.swift */ = {isa = PBXFileReference; fileEncoding = 4; lastKnownFileType = sourcecode.swift; path = FollowScaleDismissTransition.swift; sourceTree = "<group>"; };
		CCA28C6E2269D2CA00183AB4 /* FollowScalePresentTransition.swift */ = {isa = PBXFileReference; fileEncoding = 4; lastKnownFileType = sourcecode.swift; path = FollowScalePresentTransition.swift; sourceTree = "<group>"; };
		CCA28C6F2269D2CA00183AB4 /* LeftSwipeInteractiveTransition.swift */ = {isa = PBXFileReference; fileEncoding = 4; lastKnownFileType = sourcecode.swift; path = LeftSwipeInteractiveTransition.swift; sourceTree = "<group>"; };
		CCA28C702269D2CA00183AB4 /* MyScalePresentAnimation.swift */ = {isa = PBXFileReference; fileEncoding = 4; lastKnownFileType = sourcecode.swift; path = MyScalePresentAnimation.swift; sourceTree = "<group>"; };
		CCA28C712269D2CA00183AB4 /* MyScaleDismissAnimation.swift */ = {isa = PBXFileReference; fileEncoding = 4; lastKnownFileType = sourcecode.swift; path = MyScaleDismissAnimation.swift; sourceTree = "<group>"; };
		CCC01B462230AA0100A2A380 /* WebCombineOperation.swift */ = {isa = PBXFileReference; lastKnownFileType = sourcecode.swift; path = WebCombineOperation.swift; sourceTree = "<group>"; };
		CCC01B482230AA5D00A2A380 /* WebDownloadOperation.swift */ = {isa = PBXFileReference; lastKnownFileType = sourcecode.swift; path = WebDownloadOperation.swift; sourceTree = "<group>"; };
		CCC01B502230BCBF00A2A380 /* UIImageView-Extension.swift */ = {isa = PBXFileReference; lastKnownFileType = sourcecode.swift; path = "UIImageView-Extension.swift"; sourceTree = "<group>"; };
		CCC01B522230C93600A2A380 /* String-Extension.swift */ = {isa = PBXFileReference; lastKnownFileType = sourcecode.swift; path = "String-Extension.swift"; sourceTree = "<group>"; };
		CCC01B542230F0C400A2A380 /* WebPImage.h */ = {isa = PBXFileReference; fileEncoding = 4; lastKnownFileType = sourcecode.c.h; path = WebPImage.h; sourceTree = "<group>"; };
		CCC01B552230F0C400A2A380 /* WebPImageOperation.swift */ = {isa = PBXFileReference; fileEncoding = 4; lastKnownFileType = sourcecode.swift; path = WebPImageOperation.swift; sourceTree = "<group>"; };
		CCC01B562230F0C500A2A380 /* WebPImage.m */ = {isa = PBXFileReference; fileEncoding = 4; lastKnownFileType = sourcecode.c.objc; path = WebPImage.m; sourceTree = "<group>"; };
		CCC01B572230F0C500A2A380 /* WebPQueueManager.swift */ = {isa = PBXFileReference; fileEncoding = 4; lastKnownFileType = sourcecode.swift; path = WebPQueueManager.swift; sourceTree = "<group>"; };
		CCC01B582230F0C500A2A380 /* WebPImageView.swift */ = {isa = PBXFileReference; fileEncoding = 4; lastKnownFileType = sourcecode.swift; path = WebPImageView.swift; sourceTree = "<group>"; };
		CCC100EF21DDA0CF00FC5F79 /* Common.swift */ = {isa = PBXFileReference; lastKnownFileType = sourcecode.swift; path = Common.swift; sourceTree = "<group>"; };
		CCC100F121DDA15700FC5F79 /* UIColor-Extension.swift */ = {isa = PBXFileReference; lastKnownFileType = sourcecode.swift; path = "UIColor-Extension.swift"; sourceTree = "<group>"; };
		CCC1013721DDB79C00FC5F79 /* RecommendViewController.swift */ = {isa = PBXFileReference; lastKnownFileType = sourcecode.swift; path = RecommendViewController.swift; sourceTree = "<group>"; };
		CCC1013921DDB89500FC5F79 /* HomeTabBarViewController.swift */ = {isa = PBXFileReference; lastKnownFileType = sourcecode.swift; path = HomeTabBarViewController.swift; sourceTree = "<group>"; };
		CCC27F00221AC48500054AB6 /* UIBarButtonItem-Extension.swift */ = {isa = PBXFileReference; fileEncoding = 4; lastKnownFileType = sourcecode.swift; path = "UIBarButtonItem-Extension.swift"; sourceTree = "<group>"; };
		CCC27F28221BD78000054AB6 /* HomeNaviTitleView.swift */ = {isa = PBXFileReference; lastKnownFileType = sourcecode.swift; path = HomeNaviTitleView.swift; sourceTree = "<group>"; };
		CCC27F39221D9A8F00054AB6 /* MyViewController.swift */ = {isa = PBXFileReference; lastKnownFileType = sourcecode.swift; path = MyViewController.swift; sourceTree = "<group>"; };
		CCC27F41221FDA0800054AB6 /* HotNavigationBarView.swift */ = {isa = PBXFileReference; lastKnownFileType = sourcecode.swift; path = HotNavigationBarView.swift; sourceTree = "<group>"; };
		CCC27F45221FF0F600054AB6 /* HomeScrollView.swift */ = {isa = PBXFileReference; lastKnownFileType = sourcecode.swift; path = HomeScrollView.swift; sourceTree = "<group>"; };
		CCC2A2CC21DCA23A00610D3B /* MainViewController.swift */ = {isa = PBXFileReference; lastKnownFileType = sourcecode.swift; path = MainViewController.swift; sourceTree = "<group>"; };
		CCCAA356226D62F100066B42 /* FollowCellCachesManager.swift */ = {isa = PBXFileReference; lastKnownFileType = sourcecode.swift; path = FollowCellCachesManager.swift; sourceTree = "<group>"; };
		CCCD3AE321EF01B2009D536A /* UIViewController-InteractiveGesture.swift */ = {isa = PBXFileReference; lastKnownFileType = sourcecode.swift; path = "UIViewController-InteractiveGesture.swift"; sourceTree = "<group>"; };
		CCCD3AE521F02C72009D536A /* HotViewController.swift */ = {isa = PBXFileReference; lastKnownFileType = sourcecode.swift; path = HotViewController.swift; sourceTree = "<group>"; };
		CCCD3AE721F02C7E009D536A /* FollowViewController.swift */ = {isa = PBXFileReference; lastKnownFileType = sourcecode.swift; path = FollowViewController.swift; sourceTree = "<group>"; };
		CCCD3AE921F033BF009D536A /* HomeTabBar.swift */ = {isa = PBXFileReference; lastKnownFileType = sourcecode.swift; path = HomeTabBar.swift; sourceTree = "<group>"; };
		CCCD3AEB21F06C5C009D536A /* HomeTabBarButton.swift */ = {isa = PBXFileReference; lastKnownFileType = sourcecode.swift; path = HomeTabBarButton.swift; sourceTree = "<group>"; };
		CCD25E492227767A007143DB /* MyNavigationBarView.swift */ = {isa = PBXFileReference; lastKnownFileType = sourcecode.swift; path = MyNavigationBarView.swift; sourceTree = "<group>"; };
		CCD25E4C2227BAF8007143DB /* MyCollectionViewFlowLayout.swift */ = {isa = PBXFileReference; lastKnownFileType = sourcecode.swift; path = MyCollectionViewFlowLayout.swift; sourceTree = "<group>"; };
		CCD25E542227CDA0007143DB /* MyCollectionViewCell.swift */ = {isa = PBXFileReference; lastKnownFileType = sourcecode.swift; path = MyCollectionViewCell.swift; sourceTree = "<group>"; };
		CCD25E562227CFE8007143DB /* UserInfoHeaderView.swift */ = {isa = PBXFileReference; lastKnownFileType = sourcecode.swift; path = UserInfoHeaderView.swift; sourceTree = "<group>"; };
		CCD25E5E22291B09007143DB /* 91551426428_.pic.jpg */ = {isa = PBXFileReference; lastKnownFileType = image.jpeg; path = 91551426428_.pic.jpg; sourceTree = "<group>"; };
		CCD25E6022293211007143DB /* UserInfoHeaderTabbar.swift */ = {isa = PBXFileReference; lastKnownFileType = sourcecode.swift; path = UserInfoHeaderTabbar.swift; sourceTree = "<group>"; };
		CCD998D6222E4B54001F8611 /* cover_default.png */ = {isa = PBXFileReference; lastKnownFileType = image.png; path = cover_default.png; sourceTree = "<group>"; };
		D9FE4981281986EB731EC25D /* Pods-DouyinOfSun.debug.xcconfig */ = {isa = PBXFileReference; includeInIndex = 1; lastKnownFileType = text.xcconfig; name = "Pods-DouyinOfSun.debug.xcconfig"; path = "Target Support Files/Pods-DouyinOfSun/Pods-DouyinOfSun.debug.xcconfig"; sourceTree = "<group>"; };
		FDE0FCF7674974CED5E40862 /* Pods_DouyinOfSun.framework */ = {isa = PBXFileReference; explicitFileType = wrapper.framework; includeInIndex = 0; path = Pods_DouyinOfSun.framework; sourceTree = BUILT_PRODUCTS_DIR; };
/* End PBXFileReference section */

/* Begin PBXFrameworksBuildPhase section */
		CC10E2BD21D77B8F00090806 /* Frameworks */ = {
			isa = PBXFrameworksBuildPhase;
			buildActionMask = 2147483647;
			files = (
				4A99E930CF4D9F68D3E972B6 /* Pods_DouyinOfSun.framework in Frameworks */,
			);
			runOnlyForDeploymentPostprocessing = 0;
		};
/* End PBXFrameworksBuildPhase section */

/* Begin PBXGroup section */
		44A88E020FF2CED5420BAD0C /* Pods */ = {
			isa = PBXGroup;
			children = (
				D9FE4981281986EB731EC25D /* Pods-DouyinOfSun.debug.xcconfig */,
				74359629AEB9C03AAF3062F1 /* Pods-DouyinOfSun.release.xcconfig */,
			);
			path = Pods;
			sourceTree = "<group>";
		};
		841D36FB64D8E182F4D5C9FB /* Frameworks */ = {
			isa = PBXGroup;
			children = (
				FDE0FCF7674974CED5E40862 /* Pods_DouyinOfSun.framework */,
			);
			name = Frameworks;
			sourceTree = "<group>";
		};
		CC05A3F822376DCA00B2D43E /* Player */ = {
			isa = PBXGroup;
			children = (
				CC05A3F922376E6F00B2D43E /* PLPlayerView.swift */,
				CC08106C2252070D006D56D2 /* PLFollowPlayerView.swift */,
				CC05A4012237A9D600B2D43E /* CommentTextView.swift */,
				CC05A45D2239003500B2D43E /* PlayerStatusBarView.swift */,
				CC05A45F2239031C00B2D43E /* CircleTextView.swift */,
				CC05A4612239048100B2D43E /* MusicAlbumView.swift */,
				CC05A4632239096700B2D43E /* FavoriteView.swift */,
				CC05A48D223B98B900B2D43E /* FocusView.swift */,
				CC05A48F223C8A1600B2D43E /* HotCellCacheManager.swift */,
				CCCAA356226D62F100066B42 /* FollowCellCachesManager.swift */,
				CC252FF62241DE9A001191AA /* MPVolumeViewManager.swift */,
				CC252FF82242210E001191AA /* SharePopView.swift */,
			);
			path = Player;
			sourceTree = "<group>";
		};
		CC10E2B721D77B8F00090806 = {
			isa = PBXGroup;
			children = (
				CC10E2C221D77B8F00090806 /* DouyinOfSun */,
				CC10E2C121D77B8F00090806 /* Products */,
				44A88E020FF2CED5420BAD0C /* Pods */,
				841D36FB64D8E182F4D5C9FB /* Frameworks */,
			);
			sourceTree = "<group>";
		};
		CC10E2C121D77B8F00090806 /* Products */ = {
			isa = PBXGroup;
			children = (
				CC10E2C021D77B8F00090806 /* DouyinOfSun.app */,
			);
			name = Products;
			sourceTree = "<group>";
		};
		CC10E2C221D77B8F00090806 /* DouyinOfSun */ = {
			isa = PBXGroup;
			children = (
				CCC2A2AE21DCA07600610D3B /* Resource */,
				CCC2A2AF21DCA20500610D3B /* Class */,
				CC10E2C321D77B8F00090806 /* AppDelegate.swift */,
				CC95BD1F222F623800FF9043 /* DouyinOfSun-Bridging-Header.h */,
				CC10E2C721D77B8F00090806 /* Main.storyboard */,
				CC10E2CA21D77B9100090806 /* Assets.xcassets */,
				CC10E2CC21D77B9100090806 /* LaunchScreen.storyboard */,
				CC10E2CF21D77B9100090806 /* Info.plist */,
			);
			path = DouyinOfSun;
			sourceTree = "<group>";
		};
		CC83E85E22261E1700046ED7 /* View */ = {
			isa = PBXGroup;
			children = (
			);
			path = View;
			sourceTree = "<group>";
		};
		CC83E85F22261E1700046ED7 /* ViewController */ = {
			isa = PBXGroup;
			children = (
				CC83E86122261E2400046ED7 /* BaseViewController.swift */,
			);
			path = ViewController;
			sourceTree = "<group>";
		};
		CC83E86022261E1700046ED7 /* Model */ = {
			isa = PBXGroup;
			children = (
				CC32E7D5222E60580040ABED /* BaseModel.swift */,
			);
			path = Model;
			sourceTree = "<group>";
		};
		CC83E8782226813D00046ED7 /* productions */ = {
			isa = PBXGroup;
			children = (
				CC83E8862226835C00046ED7 /* production1.json */,
			);
			path = productions;
			sourceTree = "<group>";
		};
		CC83E8792226813D00046ED7 /* favorites */ = {
			isa = PBXGroup;
			children = (
				CC83E87A2226813D00046ED7 /* favorite3.json */,
				CC83E87B2226813D00046ED7 /* favorite2.json */,
				CC83E87C2226813D00046ED7 /* favorite5.json */,
				CC83E87D2226813D00046ED7 /* favorite4.json */,
				CC83E87E2226813D00046ED7 /* favorite6.json */,
				CC252FFC2244E517001191AA /* favorite7.json */,
				CC83E87F2226813D00046ED7 /* favorite1.json */,
				CC0810C522645AFF006D56D2 /* favorite8.json */,
				CC7DE0BC2275574000049C06 /* favorite9.json */,
			);
			path = favorites;
			sourceTree = "<group>";
		};
		CC95BD1A222F5E2B00FF9043 /* Webp */ = {
			isa = PBXGroup;
			children = (
				CCC01B542230F0C400A2A380 /* WebPImage.h */,
				CCC01B562230F0C500A2A380 /* WebPImage.m */,
				CCC01B552230F0C400A2A380 /* WebPImageOperation.swift */,
				CCC01B582230F0C500A2A380 /* WebPImageView.swift */,
				CCC01B572230F0C500A2A380 /* WebPQueueManager.swift */,
			);
			path = Webp;
			sourceTree = "<group>";
		};
		CC95BD29222F9FCA00FF9043 /* WebCache */ = {
			isa = PBXGroup;
			children = (
				CC95BD2A222FA25800FF9043 /* WebDownloader.swift */,
				CC95BD2C222FBBE100FF9043 /* WebCacheManager.swift */,
				CCC01B462230AA0100A2A380 /* WebCombineOperation.swift */,
				CCC01B482230AA5D00A2A380 /* WebDownloadOperation.swift */,
			);
			path = WebCache;
			sourceTree = "<group>";
		};
		CCA28C6C2269D2CA00183AB4 /* transform */ = {
			isa = PBXGroup;
			children = (
				CCA28C6D2269D2CA00183AB4 /* FollowScaleDismissTransition.swift */,
				CCA28C6E2269D2CA00183AB4 /* FollowScalePresentTransition.swift */,
				CCA28C6F2269D2CA00183AB4 /* LeftSwipeInteractiveTransition.swift */,
				CCA28C702269D2CA00183AB4 /* MyScalePresentAnimation.swift */,
				CCA28C712269D2CA00183AB4 /* MyScaleDismissAnimation.swift */,
			);
			path = transform;
			sourceTree = "<group>";
		};
		CCC2A2AE21DCA07600610D3B /* Resource */ = {
			isa = PBXGroup;
			children = (
				CC83E8782226813D00046ED7 /* productions */,
				CC83E8792226813D00046ED7 /* favorites */,
				CC83E8882226837100046ED7 /* user.json */,
				CCD998D6222E4B54001F8611 /* cover_default.png */,
				CCD25E5E22291B09007143DB /* 91551426428_.pic.jpg */,
			);
			path = Resource;
			sourceTree = "<group>";
		};
		CCC2A2AF21DCA20500610D3B /* Class */ = {
			isa = PBXGroup;
			children = (
				CCC2A2C721DCA20500610D3B /* Main */,
				CCC2A2C221DCA20500610D3B /* Hot */,
				CCC2A2B721DCA20500610D3B /* Follow */,
				CCC2A2B221DCA20500610D3B /* Recommend */,
				CCC2A2BD21DCA20500610D3B /* My */,
				CCC2A2CE21DCA25000610D3B /* Base */,
				CCC2A2B021DCA20500610D3B /* Tools */,
				CCC2A2B121DCA20500610D3B /* Extension */,
				CCC2A2BC21DCA20500610D3B /* Network */,
			);
			path = Class;
			sourceTree = "<group>";
		};
		CCC2A2B021DCA20500610D3B /* Tools */ = {
			isa = PBXGroup;
			children = (
				CCA28C6C2269D2CA00183AB4 /* transform */,
				CC05A3F822376DCA00B2D43E /* Player */,
				CC95BD29222F9FCA00FF9043 /* WebCache */,
				CC95BD1A222F5E2B00FF9043 /* Webp */,
				CCC100EF21DDA0CF00FC5F79 /* Common.swift */,
				CC05A3CE2233738200B2D43E /* LoadMoreControl.swift */,
			);
			path = Tools;
			sourceTree = "<group>";
		};
		CCC2A2B121DCA20500610D3B /* Extension */ = {
			isa = PBXGroup;
			children = (
				CCC100F121DDA15700FC5F79 /* UIColor-Extension.swift */,
				CC05A3D02235FDBB00B2D43E /* UIWindow-Extension.swift */,
				CCCD3AE321EF01B2009D536A /* UIViewController-InteractiveGesture.swift */,
				CCC27F00221AC48500054AB6 /* UIBarButtonItem-Extension.swift */,
				CCC01B502230BCBF00A2A380 /* UIImageView-Extension.swift */,
				CCC01B522230C93600A2A380 /* String-Extension.swift */,
				CC05A46D223A5BA200B2D43E /* UIImage-Extension.swift */,
				CC05A496223F49EC00B2D43E /* CALayer-Extension.swift */,
				CC080FF8224A0765006D56D2 /* NSAttributedString-Extension.swift */,
				CC080FFA224A10BB006D56D2 /* Notification-Extension.swift */,
			);
			path = Extension;
			sourceTree = "<group>";
		};
		CCC2A2B221DCA20500610D3B /* Recommend */ = {
			isa = PBXGroup;
			children = (
				CCC2A2B321DCA20500610D3B /* ViewModel */,
				CCC2A2B421DCA20500610D3B /* Model */,
				CCC2A2B521DCA20500610D3B /* View */,
				CCC2A2B621DCA20500610D3B /* ViewController */,
			);
			path = Recommend;
			sourceTree = "<group>";
		};
		CCC2A2B321DCA20500610D3B /* ViewModel */ = {
			isa = PBXGroup;
			children = (
			);
			path = ViewModel;
			sourceTree = "<group>";
		};
		CCC2A2B421DCA20500610D3B /* Model */ = {
			isa = PBXGroup;
			children = (
			);
			path = Model;
			sourceTree = "<group>";
		};
		CCC2A2B521DCA20500610D3B /* View */ = {
			isa = PBXGroup;
			children = (
				CC0C6BBE22705B7700D7A055 /* RecommendNavigationBarView.swift */,
			);
			path = View;
			sourceTree = "<group>";
		};
		CCC2A2B621DCA20500610D3B /* ViewController */ = {
			isa = PBXGroup;
			children = (
				CCC1013721DDB79C00FC5F79 /* RecommendViewController.swift */,
				CC0C6BC0227149B800D7A055 /* ScanCodeViewController.swift */,
				CC0C6BC2227159AB00D7A055 /* RoomShowViewController.swift */,
			);
			path = ViewController;
			sourceTree = "<group>";
		};
		CCC2A2B721DCA20500610D3B /* Follow */ = {
			isa = PBXGroup;
			children = (
				CCC2A2B821DCA20500610D3B /* ViewModel */,
				CCC2A2B921DCA20500610D3B /* Model */,
				CCC2A2BA21DCA20500610D3B /* View */,
				CCC2A2BB21DCA20500610D3B /* ViewController */,
			);
			path = Follow;
			sourceTree = "<group>";
		};
		CCC2A2B821DCA20500610D3B /* ViewModel */ = {
			isa = PBXGroup;
			children = (
			);
			path = ViewModel;
			sourceTree = "<group>";
		};
		CCC2A2B921DCA20500610D3B /* Model */ = {
			isa = PBXGroup;
			children = (
			);
			path = Model;
			sourceTree = "<group>";
		};
		CCC2A2BA21DCA20500610D3B /* View */ = {
			isa = PBXGroup;
			children = (
				CC83E8382223EFE800046ED7 /* FollowNavigationBarView.swift */,
				CC081064224E1B81006D56D2 /* FollowTableViewCell.swift */,
			);
			path = View;
			sourceTree = "<group>";
		};
		CCC2A2BB21DCA20500610D3B /* ViewController */ = {
			isa = PBXGroup;
			children = (
				CCCD3AE721F02C7E009D536A /* FollowViewController.swift */,
				CCA28C38226819CF00183AB4 /* PlayerFullScreenViewController.swift */,
			);
			path = ViewController;
			sourceTree = "<group>";
		};
		CCC2A2BC21DCA20500610D3B /* Network */ = {
			isa = PBXGroup;
			children = (
			);
			path = Network;
			sourceTree = "<group>";
		};
		CCC2A2BD21DCA20500610D3B /* My */ = {
			isa = PBXGroup;
			children = (
				CCC2A2BE21DCA20500610D3B /* ViewModel */,
				CCC2A2BF21DCA20500610D3B /* Model */,
				CCC2A2C021DCA20500610D3B /* View */,
				CCC2A2C121DCA20500610D3B /* ViewController */,
			);
			path = My;
			sourceTree = "<group>";
		};
		CCC2A2BE21DCA20500610D3B /* ViewModel */ = {
			isa = PBXGroup;
			children = (
			);
			path = ViewModel;
			sourceTree = "<group>";
		};
		CCC2A2BF21DCA20500610D3B /* Model */ = {
			isa = PBXGroup;
			children = (
				CC32E7D7222E60970040ABED /* UserInfoModel.swift */,
				CC32E7D9222E71B30040ABED /* AwemeModel.swift */,
			);
			path = Model;
			sourceTree = "<group>";
		};
		CCC2A2C021DCA20500610D3B /* View */ = {
			isa = PBXGroup;
			children = (
				CCD25E492227767A007143DB /* MyNavigationBarView.swift */,
				CCD25E4C2227BAF8007143DB /* MyCollectionViewFlowLayout.swift */,
				CCD25E542227CDA0007143DB /* MyCollectionViewCell.swift */,
				CCD25E562227CFE8007143DB /* UserInfoHeaderView.swift */,
				CCD25E6022293211007143DB /* UserInfoHeaderTabbar.swift */,
			);
			path = View;
			sourceTree = "<group>";
		};
		CCC2A2C121DCA20500610D3B /* ViewController */ = {
			isa = PBXGroup;
			children = (
				CCC27F39221D9A8F00054AB6 /* MyViewController.swift */,
				CC05A3D22236388F00B2D43E /* MyIconDetailViewController.swift */,
				CC080FEE22486D46006D56D2 /* MyAwemeViewController.swift */,
			);
			path = ViewController;
			sourceTree = "<group>";
		};
		CCC2A2C221DCA20500610D3B /* Hot */ = {
			isa = PBXGroup;
			children = (
				CCC2A2C321DCA20500610D3B /* ViewModel */,
				CCC2A2C421DCA20500610D3B /* Model */,
				CCC2A2C521DCA20500610D3B /* View */,
				CCC2A2C621DCA20500610D3B /* ViewController */,
			);
			path = Hot;
			sourceTree = "<group>";
		};
		CCC2A2C321DCA20500610D3B /* ViewModel */ = {
			isa = PBXGroup;
			children = (
			);
			path = ViewModel;
			sourceTree = "<group>";
		};
		CCC2A2C421DCA20500610D3B /* Model */ = {
			isa = PBXGroup;
			children = (
			);
			path = Model;
			sourceTree = "<group>";
		};
		CCC2A2C521DCA20500610D3B /* View */ = {
			isa = PBXGroup;
			children = (
				CCC27F41221FDA0800054AB6 /* HotNavigationBarView.swift */,
				CC05A3F6223761C500B2D43E /* HotTableViewCell.swift */,
			);
			path = View;
			sourceTree = "<group>";
		};
		CCC2A2C621DCA20500610D3B /* ViewController */ = {
			isa = PBXGroup;
			children = (
				CCCD3AE521F02C72009D536A /* HotViewController.swift */,
			);
			path = ViewController;
			sourceTree = "<group>";
		};
		CCC2A2C721DCA20500610D3B /* Main */ = {
			isa = PBXGroup;
			children = (
				CCC2A2C821DCA20500610D3B /* ViewModel */,
				CCC2A2C921DCA20500610D3B /* Model */,
				CCC2A2CA21DCA20500610D3B /* View */,
				CCC2A2CB21DCA20500610D3B /* ViewController */,
			);
			path = Main;
			sourceTree = "<group>";
		};
		CCC2A2C821DCA20500610D3B /* ViewModel */ = {
			isa = PBXGroup;
			children = (
			);
			path = ViewModel;
			sourceTree = "<group>";
		};
		CCC2A2C921DCA20500610D3B /* Model */ = {
			isa = PBXGroup;
			children = (
			);
			path = Model;
			sourceTree = "<group>";
		};
		CCC2A2CA21DCA20500610D3B /* View */ = {
			isa = PBXGroup;
			children = (
				CCCD3AE921F033BF009D536A /* HomeTabBar.swift */,
				CCCD3AEB21F06C5C009D536A /* HomeTabBarButton.swift */,
				CCC27F28221BD78000054AB6 /* HomeNaviTitleView.swift */,
				CCC27F45221FF0F600054AB6 /* HomeScrollView.swift */,
			);
			path = View;
			sourceTree = "<group>";
		};
		CCC2A2CB21DCA20500610D3B /* ViewController */ = {
			isa = PBXGroup;
			children = (
				CCC2A2CC21DCA23A00610D3B /* MainViewController.swift */,
				CCC1013921DDB89500FC5F79 /* HomeTabBarViewController.swift */,
			);
			path = ViewController;
			sourceTree = "<group>";
		};
		CCC2A2CE21DCA25000610D3B /* Base */ = {
			isa = PBXGroup;
			children = (
				CC83E86022261E1700046ED7 /* Model */,
				CC83E85E22261E1700046ED7 /* View */,
				CC83E85F22261E1700046ED7 /* ViewController */,
			);
			path = Base;
			sourceTree = "<group>";
		};
/* End PBXGroup section */

/* Begin PBXNativeTarget section */
		CC10E2BF21D77B8F00090806 /* DouyinOfSun */ = {
			isa = PBXNativeTarget;
			buildConfigurationList = CC10E2D221D77B9100090806 /* Build configuration list for PBXNativeTarget "DouyinOfSun" */;
			buildPhases = (
				D5DDD66FD6AAC834B052B897 /* [CP] Check Pods Manifest.lock */,
				CC10E2BC21D77B8F00090806 /* Sources */,
				CC10E2BD21D77B8F00090806 /* Frameworks */,
				CC10E2BE21D77B8F00090806 /* Resources */,
				5475C47DA225D5680F7B8ED6 /* [CP] Embed Pods Frameworks */,
			);
			buildRules = (
			);
			dependencies = (
			);
			name = DouyinOfSun;
			productName = DouyinOfSun;
			productReference = CC10E2C021D77B8F00090806 /* DouyinOfSun.app */;
			productType = "com.apple.product-type.application";
		};
/* End PBXNativeTarget section */

/* Begin PBXProject section */
		CC10E2B821D77B8F00090806 /* Project object */ = {
			isa = PBXProject;
			attributes = {
				LastSwiftUpdateCheck = 1010;
				LastUpgradeCheck = 1010;
				ORGANIZATIONNAME = WorkSpace_Sun;
				TargetAttributes = {
					CC10E2BF21D77B8F00090806 = {
						CreatedOnToolsVersion = 10.1;
						LastSwiftMigration = 1010;
						SystemCapabilities = {
							com.apple.BackgroundModes = {
								enabled = 0;
							};
						};
					};
				};
			};
			buildConfigurationList = CC10E2BB21D77B8F00090806 /* Build configuration list for PBXProject "DouyinOfSun" */;
			compatibilityVersion = "Xcode 9.3";
			developmentRegion = en;
			hasScannedForEncodings = 0;
			knownRegions = (
				en,
				Base,
			);
			mainGroup = CC10E2B721D77B8F00090806;
			productRefGroup = CC10E2C121D77B8F00090806 /* Products */;
			projectDirPath = "";
			projectRoot = "";
			targets = (
				CC10E2BF21D77B8F00090806 /* DouyinOfSun */,
			);
		};
/* End PBXProject section */

/* Begin PBXResourcesBuildPhase section */
		CC10E2BE21D77B8F00090806 /* Resources */ = {
			isa = PBXResourcesBuildPhase;
			buildActionMask = 2147483647;
			files = (
				CC83E8892226837100046ED7 /* user.json in Resources */,
				CC83E8822226813D00046ED7 /* favorite5.json in Resources */,
				CCD998D7222E4B54001F8611 /* cover_default.png in Resources */,
				CC83E8812226813D00046ED7 /* favorite2.json in Resources */,
				CC10E2CE21D77B9100090806 /* LaunchScreen.storyboard in Resources */,
				CC83E8832226813D00046ED7 /* favorite4.json in Resources */,
				CCD25E5F22291B09007143DB /* 91551426428_.pic.jpg in Resources */,
				CC252FFD2244E517001191AA /* favorite7.json in Resources */,
				CC83E8842226813D00046ED7 /* favorite6.json in Resources */,
				CC10E2CB21D77B9100090806 /* Assets.xcassets in Resources */,
				CC0810C622645B01006D56D2 /* favorite8.json in Resources */,
				CC83E8872226835C00046ED7 /* production1.json in Resources */,
				CC10E2C921D77B8F00090806 /* Main.storyboard in Resources */,
				CC83E8802226813D00046ED7 /* favorite3.json in Resources */,
				CC83E8852226813D00046ED7 /* favorite1.json in Resources */,
				CC7DE0BD2275574100049C06 /* favorite9.json in Resources */,
			);
			runOnlyForDeploymentPostprocessing = 0;
		};
/* End PBXResourcesBuildPhase section */

/* Begin PBXShellScriptBuildPhase section */
		5475C47DA225D5680F7B8ED6 /* [CP] Embed Pods Frameworks */ = {
			isa = PBXShellScriptBuildPhase;
			buildActionMask = 2147483647;
			files = (
			);
			inputFileListPaths = (
			);
			inputPaths = (
				"${PODS_ROOT}/Target Support Files/Pods-DouyinOfSun/Pods-DouyinOfSun-frameworks.sh",
				"${BUILT_PRODUCTS_DIR}/Alamofire/Alamofire.framework",
				"${BUILT_PRODUCTS_DIR}/HandyJSON/HandyJSON.framework",
				"${BUILT_PRODUCTS_DIR}/Kingfisher/Kingfisher.framework",
				"${PODS_ROOT}/PLMediaStreamingKit/Pod/Library/PLMediaStreamingKit.framework",
				"${PODS_ROOT}/PLMediaStreamingKit/Pod/Library/HappyDNS.framework",
				"${PODS_ROOT}/PLPlayerKit/Pod/Library/PLPlayerKit.framework",
				"${BUILT_PRODUCTS_DIR}/SnapKit/SnapKit.framework",
				"${BUILT_PRODUCTS_DIR}/libwebp/libwebp.framework",
			);
			name = "[CP] Embed Pods Frameworks";
			outputFileListPaths = (
			);
			outputPaths = (
				"${TARGET_BUILD_DIR}/${FRAMEWORKS_FOLDER_PATH}/Alamofire.framework",
				"${TARGET_BUILD_DIR}/${FRAMEWORKS_FOLDER_PATH}/HandyJSON.framework",
				"${TARGET_BUILD_DIR}/${FRAMEWORKS_FOLDER_PATH}/Kingfisher.framework",
				"${TARGET_BUILD_DIR}/${FRAMEWORKS_FOLDER_PATH}/PLMediaStreamingKit.framework",
				"${TARGET_BUILD_DIR}/${FRAMEWORKS_FOLDER_PATH}/HappyDNS.framework",
				"${TARGET_BUILD_DIR}/${FRAMEWORKS_FOLDER_PATH}/PLPlayerKit.framework",
				"${TARGET_BUILD_DIR}/${FRAMEWORKS_FOLDER_PATH}/SnapKit.framework",
				"${TARGET_BUILD_DIR}/${FRAMEWORKS_FOLDER_PATH}/libwebp.framework",
			);
			runOnlyForDeploymentPostprocessing = 0;
			shellPath = /bin/sh;
			shellScript = "\"${PODS_ROOT}/Target Support Files/Pods-DouyinOfSun/Pods-DouyinOfSun-frameworks.sh\"\n";
			showEnvVarsInLog = 0;
		};
		D5DDD66FD6AAC834B052B897 /* [CP] Check Pods Manifest.lock */ = {
			isa = PBXShellScriptBuildPhase;
			buildActionMask = 2147483647;
			files = (
			);
			inputFileListPaths = (
			);
			inputPaths = (
				"${PODS_PODFILE_DIR_PATH}/Podfile.lock",
				"${PODS_ROOT}/Manifest.lock",
			);
			name = "[CP] Check Pods Manifest.lock";
			outputFileListPaths = (
			);
			outputPaths = (
				"$(DERIVED_FILE_DIR)/Pods-DouyinOfSun-checkManifestLockResult.txt",
			);
			runOnlyForDeploymentPostprocessing = 0;
			shellPath = /bin/sh;
			shellScript = "diff \"${PODS_PODFILE_DIR_PATH}/Podfile.lock\" \"${PODS_ROOT}/Manifest.lock\" > /dev/null\nif [ $? != 0 ] ; then\n    # print error to STDERR\n    echo \"error: The sandbox is not in sync with the Podfile.lock. Run 'pod install' or update your CocoaPods installation.\" >&2\n    exit 1\nfi\n# This output is used by Xcode 'outputs' to avoid re-running this script phase.\necho \"SUCCESS\" > \"${SCRIPT_OUTPUT_FILE_0}\"\n";
			showEnvVarsInLog = 0;
		};
/* End PBXShellScriptBuildPhase section */

/* Begin PBXSourcesBuildPhase section */
		CC10E2BC21D77B8F00090806 /* Sources */ = {
			isa = PBXSourcesBuildPhase;
			buildActionMask = 2147483647;
			files = (
				CCD25E6122293211007143DB /* UserInfoHeaderTabbar.swift in Sources */,
				CC05A3D12235FDBB00B2D43E /* UIWindow-Extension.swift in Sources */,
				CC252FF92242210E001191AA /* SharePopView.swift in Sources */,
				CC32E7DA222E71B30040ABED /* AwemeModel.swift in Sources */,
				CC080FFB224A10BB006D56D2 /* Notification-Extension.swift in Sources */,
				CCA28C742269D2CA00183AB4 /* LeftSwipeInteractiveTransition.swift in Sources */,
				CCA28C732269D2CA00183AB4 /* FollowScalePresentTransition.swift in Sources */,
				CCD25E4D2227BAF8007143DB /* MyCollectionViewFlowLayout.swift in Sources */,
				CCC01B512230BCBF00A2A380 /* UIImageView-Extension.swift in Sources */,
				CC05A497223F49ED00B2D43E /* CALayer-Extension.swift in Sources */,
				CC05A48E223B98BA00B2D43E /* FocusView.swift in Sources */,
				CC0C6BBF22705B7700D7A055 /* RecommendNavigationBarView.swift in Sources */,
				CCC01B472230AA0100A2A380 /* WebCombineOperation.swift in Sources */,
				CC10E2C421D77B8F00090806 /* AppDelegate.swift in Sources */,
				CC83E8392223EFE800046ED7 /* FollowNavigationBarView.swift in Sources */,
				CC32E7D8222E60970040ABED /* UserInfoModel.swift in Sources */,
				CCC100F221DDA15700FC5F79 /* UIColor-Extension.swift in Sources */,
				CCC27F46221FF0F600054AB6 /* HomeScrollView.swift in Sources */,
				CCA28C722269D2CA00183AB4 /* FollowScaleDismissTransition.swift in Sources */,
				CC95BD2B222FA25800FF9043 /* WebDownloader.swift in Sources */,
				CC32E7D6222E60580040ABED /* BaseModel.swift in Sources */,
				CCC27F01221AC48500054AB6 /* UIBarButtonItem-Extension.swift in Sources */,
				CC081065224E1B81006D56D2 /* FollowTableViewCell.swift in Sources */,
				CC05A490223C8A1600B2D43E /* HotCellCacheManager.swift in Sources */,
				CC252FF72241DE9A001191AA /* MPVolumeViewManager.swift in Sources */,
				CC05A3FA22376E6F00B2D43E /* PLPlayerView.swift in Sources */,
				CC05A46E223A5BA200B2D43E /* UIImage-Extension.swift in Sources */,
				CC83E86222261E2400046ED7 /* BaseViewController.swift in Sources */,
				CCCD3AEA21F033BF009D536A /* HomeTabBar.swift in Sources */,
				CC05A4022237A9D700B2D43E /* CommentTextView.swift in Sources */,
				CCC01B5A2230F0C500A2A380 /* WebPImage.m in Sources */,
				CCA28C752269D2CA00183AB4 /* MyScalePresentAnimation.swift in Sources */,
				CCD25E552227CDA0007143DB /* MyCollectionViewCell.swift in Sources */,
				CC080FEF22486D46006D56D2 /* MyAwemeViewController.swift in Sources */,
				CCA28C762269D2CA00183AB4 /* MyScaleDismissAnimation.swift in Sources */,
				CC080FF9224A0765006D56D2 /* NSAttributedString-Extension.swift in Sources */,
				CCD25E4A2227767A007143DB /* MyNavigationBarView.swift in Sources */,
				CC05A3CF2233738200B2D43E /* LoadMoreControl.swift in Sources */,
				CC05A4642239096700B2D43E /* FavoriteView.swift in Sources */,
				CCC100F021DDA0CF00FC5F79 /* Common.swift in Sources */,
				CCC27F42221FDA0800054AB6 /* HotNavigationBarView.swift in Sources */,
				CCD25E572227CFE8007143DB /* UserInfoHeaderView.swift in Sources */,
				CC05A3F7223761C500B2D43E /* HotTableViewCell.swift in Sources */,
				CCCD3AE821F02C7E009D536A /* FollowViewController.swift in Sources */,
				CC05A45E2239003500B2D43E /* PlayerStatusBarView.swift in Sources */,
				CC08106D2252070D006D56D2 /* PLFollowPlayerView.swift in Sources */,
				CC0C6BC1227149B800D7A055 /* ScanCodeViewController.swift in Sources */,
				CCC1013A21DDB89500FC5F79 /* HomeTabBarViewController.swift in Sources */,
				CCCAA357226D62F100066B42 /* FollowCellCachesManager.swift in Sources */,
				CCC01B532230C93600A2A380 /* String-Extension.swift in Sources */,
				CCCD3AE621F02C72009D536A /* HotViewController.swift in Sources */,
				CC05A3D32236389000B2D43E /* MyIconDetailViewController.swift in Sources */,
				CCC2A2CD21DCA23A00610D3B /* MainViewController.swift in Sources */,
				CCA28C39226819CF00183AB4 /* PlayerFullScreenViewController.swift in Sources */,
				CC05A4602239031C00B2D43E /* CircleTextView.swift in Sources */,
				CCC01B5C2230F0C500A2A380 /* WebPImageView.swift in Sources */,
				CCCD3AE421EF01B2009D536A /* UIViewController-InteractiveGesture.swift in Sources */,
				CCC27F3A221D9A8F00054AB6 /* MyViewController.swift in Sources */,
				CCC27F29221BD78000054AB6 /* HomeNaviTitleView.swift in Sources */,
				CC95BD2D222FBBE100FF9043 /* WebCacheManager.swift in Sources */,
				CCC01B592230F0C500A2A380 /* WebPImageOperation.swift in Sources */,
				CC0C6BC3227159AB00D7A055 /* RoomShowViewController.swift in Sources */,
				CCCD3AEC21F06C5C009D536A /* HomeTabBarButton.swift in Sources */,
				CC05A4622239048100B2D43E /* MusicAlbumView.swift in Sources */,
				CCC01B492230AA5D00A2A380 /* WebDownloadOperation.swift in Sources */,
				CCC01B5B2230F0C500A2A380 /* WebPQueueManager.swift in Sources */,
				CCC1013821DDB79C00FC5F79 /* RecommendViewController.swift in Sources */,
			);
			runOnlyForDeploymentPostprocessing = 0;
		};
/* End PBXSourcesBuildPhase section */

/* Begin PBXVariantGroup section */
		CC10E2C721D77B8F00090806 /* Main.storyboard */ = {
			isa = PBXVariantGroup;
			children = (
				CC10E2C821D77B8F00090806 /* Base */,
			);
			name = Main.storyboard;
			sourceTree = "<group>";
		};
		CC10E2CC21D77B9100090806 /* LaunchScreen.storyboard */ = {
			isa = PBXVariantGroup;
			children = (
				CC10E2CD21D77B9100090806 /* Base */,
			);
			name = LaunchScreen.storyboard;
			sourceTree = "<group>";
		};
/* End PBXVariantGroup section */

/* Begin XCBuildConfiguration section */
		CC10E2D021D77B9100090806 /* Debug */ = {
			isa = XCBuildConfiguration;
			buildSettings = {
				ALWAYS_SEARCH_USER_PATHS = NO;
				CLANG_ANALYZER_NONNULL = YES;
				CLANG_ANALYZER_NUMBER_OBJECT_CONVERSION = YES_AGGRESSIVE;
				CLANG_CXX_LANGUAGE_STANDARD = "gnu++14";
				CLANG_CXX_LIBRARY = "libc++";
				CLANG_ENABLE_MODULES = YES;
				CLANG_ENABLE_OBJC_ARC = YES;
				CLANG_ENABLE_OBJC_WEAK = YES;
				CLANG_WARN_BLOCK_CAPTURE_AUTORELEASING = YES;
				CLANG_WARN_BOOL_CONVERSION = YES;
				CLANG_WARN_COMMA = YES;
				CLANG_WARN_CONSTANT_CONVERSION = YES;
				CLANG_WARN_DEPRECATED_OBJC_IMPLEMENTATIONS = YES;
				CLANG_WARN_DIRECT_OBJC_ISA_USAGE = YES_ERROR;
				CLANG_WARN_DOCUMENTATION_COMMENTS = YES;
				CLANG_WARN_EMPTY_BODY = YES;
				CLANG_WARN_ENUM_CONVERSION = YES;
				CLANG_WARN_INFINITE_RECURSION = YES;
				CLANG_WARN_INT_CONVERSION = YES;
				CLANG_WARN_NON_LITERAL_NULL_CONVERSION = YES;
				CLANG_WARN_OBJC_IMPLICIT_RETAIN_SELF = YES;
				CLANG_WARN_OBJC_LITERAL_CONVERSION = YES;
				CLANG_WARN_OBJC_ROOT_CLASS = YES_ERROR;
				CLANG_WARN_RANGE_LOOP_ANALYSIS = YES;
				CLANG_WARN_STRICT_PROTOTYPES = YES;
				CLANG_WARN_SUSPICIOUS_MOVE = YES;
				CLANG_WARN_UNGUARDED_AVAILABILITY = YES_AGGRESSIVE;
				CLANG_WARN_UNREACHABLE_CODE = YES;
				CLANG_WARN__DUPLICATE_METHOD_MATCH = YES;
				CODE_SIGN_IDENTITY = "iPhone Developer";
				COPY_PHASE_STRIP = NO;
				DEBUG_INFORMATION_FORMAT = dwarf;
				ENABLE_STRICT_OBJC_MSGSEND = YES;
				ENABLE_TESTABILITY = YES;
				GCC_C_LANGUAGE_STANDARD = gnu11;
				GCC_DYNAMIC_NO_PIC = NO;
				GCC_NO_COMMON_BLOCKS = YES;
				GCC_OPTIMIZATION_LEVEL = 0;
				GCC_PREPROCESSOR_DEFINITIONS = (
					"DEBUG=1",
					"$(inherited)",
				);
				GCC_WARN_64_TO_32_BIT_CONVERSION = YES;
				GCC_WARN_ABOUT_RETURN_TYPE = YES_ERROR;
				GCC_WARN_UNDECLARED_SELECTOR = YES;
				GCC_WARN_UNINITIALIZED_AUTOS = YES_AGGRESSIVE;
				GCC_WARN_UNUSED_FUNCTION = YES;
				GCC_WARN_UNUSED_VARIABLE = YES;
				IPHONEOS_DEPLOYMENT_TARGET = 12.1;
				MTL_ENABLE_DEBUG_INFO = INCLUDE_SOURCE;
				MTL_FAST_MATH = YES;
				ONLY_ACTIVE_ARCH = YES;
				SDKROOT = iphoneos;
				SWIFT_ACTIVE_COMPILATION_CONDITIONS = DEBUG;
				SWIFT_OPTIMIZATION_LEVEL = "-Onone";
			};
			name = Debug;
		};
		CC10E2D121D77B9100090806 /* Release */ = {
			isa = XCBuildConfiguration;
			buildSettings = {
				ALWAYS_SEARCH_USER_PATHS = NO;
				CLANG_ANALYZER_NONNULL = YES;
				CLANG_ANALYZER_NUMBER_OBJECT_CONVERSION = YES_AGGRESSIVE;
				CLANG_CXX_LANGUAGE_STANDARD = "gnu++14";
				CLANG_CXX_LIBRARY = "libc++";
				CLANG_ENABLE_MODULES = YES;
				CLANG_ENABLE_OBJC_ARC = YES;
				CLANG_ENABLE_OBJC_WEAK = YES;
				CLANG_WARN_BLOCK_CAPTURE_AUTORELEASING = YES;
				CLANG_WARN_BOOL_CONVERSION = YES;
				CLANG_WARN_COMMA = YES;
				CLANG_WARN_CONSTANT_CONVERSION = YES;
				CLANG_WARN_DEPRECATED_OBJC_IMPLEMENTATIONS = YES;
				CLANG_WARN_DIRECT_OBJC_ISA_USAGE = YES_ERROR;
				CLANG_WARN_DOCUMENTATION_COMMENTS = YES;
				CLANG_WARN_EMPTY_BODY = YES;
				CLANG_WARN_ENUM_CONVERSION = YES;
				CLANG_WARN_INFINITE_RECURSION = YES;
				CLANG_WARN_INT_CONVERSION = YES;
				CLANG_WARN_NON_LITERAL_NULL_CONVERSION = YES;
				CLANG_WARN_OBJC_IMPLICIT_RETAIN_SELF = YES;
				CLANG_WARN_OBJC_LITERAL_CONVERSION = YES;
				CLANG_WARN_OBJC_ROOT_CLASS = YES_ERROR;
				CLANG_WARN_RANGE_LOOP_ANALYSIS = YES;
				CLANG_WARN_STRICT_PROTOTYPES = YES;
				CLANG_WARN_SUSPICIOUS_MOVE = YES;
				CLANG_WARN_UNGUARDED_AVAILABILITY = YES_AGGRESSIVE;
				CLANG_WARN_UNREACHABLE_CODE = YES;
				CLANG_WARN__DUPLICATE_METHOD_MATCH = YES;
				CODE_SIGN_IDENTITY = "iPhone Developer";
				COPY_PHASE_STRIP = NO;
				DEBUG_INFORMATION_FORMAT = "dwarf-with-dsym";
				ENABLE_NS_ASSERTIONS = NO;
				ENABLE_STRICT_OBJC_MSGSEND = YES;
				GCC_C_LANGUAGE_STANDARD = gnu11;
				GCC_NO_COMMON_BLOCKS = YES;
				GCC_WARN_64_TO_32_BIT_CONVERSION = YES;
				GCC_WARN_ABOUT_RETURN_TYPE = YES_ERROR;
				GCC_WARN_UNDECLARED_SELECTOR = YES;
				GCC_WARN_UNINITIALIZED_AUTOS = YES_AGGRESSIVE;
				GCC_WARN_UNUSED_FUNCTION = YES;
				GCC_WARN_UNUSED_VARIABLE = YES;
				IPHONEOS_DEPLOYMENT_TARGET = 12.1;
				MTL_ENABLE_DEBUG_INFO = NO;
				MTL_FAST_MATH = YES;
				SDKROOT = iphoneos;
				SWIFT_COMPILATION_MODE = wholemodule;
				SWIFT_OPTIMIZATION_LEVEL = "-O";
				VALIDATE_PRODUCT = YES;
			};
			name = Release;
		};
		CC10E2D321D77B9100090806 /* Debug */ = {
			isa = XCBuildConfiguration;
			baseConfigurationReference = D9FE4981281986EB731EC25D /* Pods-DouyinOfSun.debug.xcconfig */;
			buildSettings = {
				ASSETCATALOG_COMPILER_APPICON_NAME = AppIcon;
				CLANG_ENABLE_MODULES = YES;
				CODE_SIGN_STYLE = Automatic;
				DEVELOPMENT_TEAM = GDFHW66V92;
				INFOPLIST_FILE = DouyinOfSun/Info.plist;
				IPHONEOS_DEPLOYMENT_TARGET = 10.0;
				LD_RUNPATH_SEARCH_PATHS = (
					"$(inherited)",
					"@executable_path/Frameworks",
				);
				PRODUCT_BUNDLE_IDENTIFIER = com.Sun.DouyinOfSun;
				PRODUCT_NAME = "$(TARGET_NAME)";
				SWIFT_OBJC_BRIDGING_HEADER = "DouyinOfSun/DouyinOfSun-Bridging-Header.h";
				SWIFT_OPTIMIZATION_LEVEL = "-Onone";
				SWIFT_VERSION = 4.2;
				TARGETED_DEVICE_FAMILY = "1,2";
			};
			name = Debug;
		};
		CC10E2D421D77B9100090806 /* Release */ = {
			isa = XCBuildConfiguration;
			baseConfigurationReference = 74359629AEB9C03AAF3062F1 /* Pods-DouyinOfSun.release.xcconfig */;
			buildSettings = {
				ASSETCATALOG_COMPILER_APPICON_NAME = AppIcon;
				CLANG_ENABLE_MODULES = YES;
				CODE_SIGN_STYLE = Automatic;
				DEVELOPMENT_TEAM = GDFHW66V92;
				INFOPLIST_FILE = DouyinOfSun/Info.plist;
				IPHONEOS_DEPLOYMENT_TARGET = 10.0;
				LD_RUNPATH_SEARCH_PATHS = (
					"$(inherited)",
					"@executable_path/Frameworks",
				);
				PRODUCT_BUNDLE_IDENTIFIER = com.Sun.DouyinOfSun;
				PRODUCT_NAME = "$(TARGET_NAME)";
				SWIFT_OBJC_BRIDGING_HEADER = "DouyinOfSun/DouyinOfSun-Bridging-Header.h";
				SWIFT_VERSION = 4.2;
				TARGETED_DEVICE_FAMILY = "1,2";
			};
			name = Release;
		};
/* End XCBuildConfiguration section */

/* Begin XCConfigurationList section */
		CC10E2BB21D77B8F00090806 /* Build configuration list for PBXProject "DouyinOfSun" */ = {
			isa = XCConfigurationList;
			buildConfigurations = (
				CC10E2D021D77B9100090806 /* Debug */,
				CC10E2D121D77B9100090806 /* Release */,
			);
			defaultConfigurationIsVisible = 0;
			defaultConfigurationName = Release;
		};
		CC10E2D221D77B9100090806 /* Build configuration list for PBXNativeTarget "DouyinOfSun" */ = {
			isa = XCConfigurationList;
			buildConfigurations = (
				CC10E2D321D77B9100090806 /* Debug */,
				CC10E2D421D77B9100090806 /* Release */,
			);
			defaultConfigurationIsVisible = 0;
			defaultConfigurationName = Release;
		};
/* End XCConfigurationList section */
	};
	rootObject = CC10E2B821D77B8F00090806 /* Project object */;
}
